// !$*UTF8*$!
{
	archiveVersion = 1;
	classes = {
	};
	objectVersion = 50;
	objects = {

/* Begin PBXBuildFile section */
		1FB6FAAE224E88B300D4F80F /* AppDelegate.swift in Sources */ = {isa = PBXBuildFile; fileRef = 1FB6FAAD224E88B300D4F80F /* AppDelegate.swift */; };
		1FB6FAB0224E88B300D4F80F /* HomeViewController.swift in Sources */ = {isa = PBXBuildFile; fileRef = 1FB6FAAF224E88B300D4F80F /* HomeViewController.swift */; };
		1FB6FAB3224E88B300D4F80F /* Main.storyboard in Resources */ = {isa = PBXBuildFile; fileRef = 1FB6FAB1224E88B300D4F80F /* Main.storyboard */; };
		1FB6FAB5224E88B400D4F80F /* Assets.xcassets in Resources */ = {isa = PBXBuildFile; fileRef = 1FB6FAB4224E88B400D4F80F /* Assets.xcassets */; };
		1FB6FAB8224E88B400D4F80F /* LaunchScreen.storyboard in Resources */ = {isa = PBXBuildFile; fileRef = 1FB6FAB6224E88B400D4F80F /* LaunchScreen.storyboard */; };
		1FB6FAC3224E88B500D4F80F /* AboutCanadaTests.swift in Sources */ = {isa = PBXBuildFile; fileRef = 1FB6FAC2224E88B500D4F80F /* AboutCanadaTests.swift */; };
		1FB6FACE224E88B500D4F80F /* AboutCanadaUITests.swift in Sources */ = {isa = PBXBuildFile; fileRef = 1FB6FACD224E88B500D4F80F /* AboutCanadaUITests.swift */; };
/* End PBXBuildFile section */

/* Begin PBXContainerItemProxy section */
		1FB6FABF224E88B500D4F80F /* PBXContainerItemProxy */ = {
			isa = PBXContainerItemProxy;
			containerPortal = 1FB6FAA2224E88B300D4F80F /* Project object */;
			proxyType = 1;
			remoteGlobalIDString = 1FB6FAA9224E88B300D4F80F;
			remoteInfo = AboutCanada;
		};
		1FB6FACA224E88B500D4F80F /* PBXContainerItemProxy */ = {
			isa = PBXContainerItemProxy;
			containerPortal = 1FB6FAA2224E88B300D4F80F /* Project object */;
			proxyType = 1;
			remoteGlobalIDString = 1FB6FAA9224E88B300D4F80F;
			remoteInfo = AboutCanada;
		};
/* End PBXContainerItemProxy section */

/* Begin PBXFileReference section */
		1FB6FAAA224E88B300D4F80F /* AboutCanada.app */ = {isa = PBXFileReference; explicitFileType = wrapper.application; includeInIndex = 0; path = AboutCanada.app; sourceTree = BUILT_PRODUCTS_DIR; };
		1FB6FAAD224E88B300D4F80F /* AppDelegate.swift */ = {isa = PBXFileReference; lastKnownFileType = sourcecode.swift; path = AppDelegate.swift; sourceTree = "<group>"; };
		1FB6FAAF224E88B300D4F80F /* HomeViewController.swift */ = {isa = PBXFileReference; lastKnownFileType = sourcecode.swift; path = HomeViewController.swift; sourceTree = "<group>"; };
		1FB6FAB2224E88B300D4F80F /* Base */ = {isa = PBXFileReference; lastKnownFileType = file.storyboard; name = Base; path = Base.lproj/Main.storyboard; sourceTree = "<group>"; };
		1FB6FAB4224E88B400D4F80F /* Assets.xcassets */ = {isa = PBXFileReference; lastKnownFileType = folder.assetcatalog; path = Assets.xcassets; sourceTree = "<group>"; };
		1FB6FAB7224E88B400D4F80F /* Base */ = {isa = PBXFileReference; lastKnownFileType = file.storyboard; name = Base; path = Base.lproj/LaunchScreen.storyboard; sourceTree = "<group>"; };
		1FB6FAB9224E88B400D4F80F /* Info.plist */ = {isa = PBXFileReference; lastKnownFileType = text.plist.xml; path = Info.plist; sourceTree = "<group>"; };
		1FB6FABE224E88B500D4F80F /* AboutCanadaTests.xctest */ = {isa = PBXFileReference; explicitFileType = wrapper.cfbundle; includeInIndex = 0; path = AboutCanadaTests.xctest; sourceTree = BUILT_PRODUCTS_DIR; };
		1FB6FAC2224E88B500D4F80F /* AboutCanadaTests.swift */ = {isa = PBXFileReference; lastKnownFileType = sourcecode.swift; path = AboutCanadaTests.swift; sourceTree = "<group>"; };
		1FB6FAC4224E88B500D4F80F /* Info.plist */ = {isa = PBXFileReference; lastKnownFileType = text.plist.xml; path = Info.plist; sourceTree = "<group>"; };
		1FB6FAC9224E88B500D4F80F /* AboutCanadaUITests.xctest */ = {isa = PBXFileReference; explicitFileType = wrapper.cfbundle; includeInIndex = 0; path = AboutCanadaUITests.xctest; sourceTree = BUILT_PRODUCTS_DIR; };
		1FB6FACD224E88B500D4F80F /* AboutCanadaUITests.swift */ = {isa = PBXFileReference; lastKnownFileType = sourcecode.swift; path = AboutCanadaUITests.swift; sourceTree = "<group>"; };
		1FB6FACF224E88B500D4F80F /* Info.plist */ = {isa = PBXFileReference; lastKnownFileType = text.plist.xml; path = Info.plist; sourceTree = "<group>"; };
/* End PBXFileReference section */

/* Begin PBXFrameworksBuildPhase section */
		1FB6FAA7224E88B300D4F80F /* Frameworks */ = {
			isa = PBXFrameworksBuildPhase;
			buildActionMask = 2147483647;
			files = (
			);
			runOnlyForDeploymentPostprocessing = 0;
		};
		1FB6FABB224E88B500D4F80F /* Frameworks */ = {
			isa = PBXFrameworksBuildPhase;
			buildActionMask = 2147483647;
			files = (
			);
			runOnlyForDeploymentPostprocessing = 0;
		};
		1FB6FAC6224E88B500D4F80F /* Frameworks */ = {
			isa = PBXFrameworksBuildPhase;
			buildActionMask = 2147483647;
			files = (
			);
			runOnlyForDeploymentPostprocessing = 0;
		};
/* End PBXFrameworksBuildPhase section */

/* Begin PBXGroup section */
		1FB6FAA1224E88B300D4F80F = {
			isa = PBXGroup;
			children = (
				1FB6FAAC224E88B300D4F80F /* AboutCanada */,
				1FB6FAC1224E88B500D4F80F /* AboutCanadaTests */,
				1FB6FACC224E88B500D4F80F /* AboutCanadaUITests */,
				1FB6FAAB224E88B300D4F80F /* Products */,
			);
			sourceTree = "<group>";
		};
		1FB6FAAB224E88B300D4F80F /* Products */ = {
			isa = PBXGroup;
			children = (
				1FB6FAAA224E88B300D4F80F /* AboutCanada.app */,
				1FB6FABE224E88B500D4F80F /* AboutCanadaTests.xctest */,
				1FB6FAC9224E88B500D4F80F /* AboutCanadaUITests.xctest */,
			);
			name = Products;
			sourceTree = "<group>";
		};
		1FB6FAAC224E88B300D4F80F /* AboutCanada */ = {
			isa = PBXGroup;
			children = (
				1FB6FAAD224E88B300D4F80F /* AppDelegate.swift */,
				1FB6FAAF224E88B300D4F80F /* HomeViewController.swift */,
				1FB6FAB1224E88B300D4F80F /* Main.storyboard */,
				1FB6FAB4224E88B400D4F80F /* Assets.xcassets */,
				1FB6FAB6224E88B400D4F80F /* LaunchScreen.storyboard */,
				1FB6FAB9224E88B400D4F80F /* Info.plist */,
			);
			path = AboutCanada;
			sourceTree = "<group>";
		};
		1FB6FAC1224E88B500D4F80F /* AboutCanadaTests */ = {
			isa = PBXGroup;
			children = (
				1FB6FAC2224E88B500D4F80F /* AboutCanadaTests.swift */,
				1FB6FAC4224E88B500D4F80F /* Info.plist */,
			);
			path = AboutCanadaTests;
			sourceTree = "<group>";
		};
		1FB6FACC224E88B500D4F80F /* AboutCanadaUITests */ = {
			isa = PBXGroup;
			children = (
				1FB6FACD224E88B500D4F80F /* AboutCanadaUITests.swift */,
				1FB6FACF224E88B500D4F80F /* Info.plist */,
			);
			path = AboutCanadaUITests;
			sourceTree = "<group>";
		};
/* End PBXGroup section */

/* Begin PBXNativeTarget section */
		1FB6FAA9224E88B300D4F80F /* AboutCanada */ = {
			isa = PBXNativeTarget;
			buildConfigurationList = 1FB6FAD2224E88B500D4F80F /* Build configuration list for PBXNativeTarget "AboutCanada" */;
			buildPhases = (
				1FB6FAA6224E88B300D4F80F /* Sources */,
				1FB6FAA7224E88B300D4F80F /* Frameworks */,
				1FB6FAA8224E88B300D4F80F /* Resources */,
			);
			buildRules = (
			);
			dependencies = (
			);
			name = AboutCanada;
			productName = AboutCanada;
			productReference = 1FB6FAAA224E88B300D4F80F /* AboutCanada.app */;
			productType = "com.apple.product-type.application";
		};
		1FB6FABD224E88B500D4F80F /* AboutCanadaTests */ = {
			isa = PBXNativeTarget;
			buildConfigurationList = 1FB6FAD5224E88B500D4F80F /* Build configuration list for PBXNativeTarget "AboutCanadaTests" */;
			buildPhases = (
				1FB6FABA224E88B500D4F80F /* Sources */,
				1FB6FABB224E88B500D4F80F /* Frameworks */,
				1FB6FABC224E88B500D4F80F /* Resources */,
			);
			buildRules = (
			);
			dependencies = (
				1FB6FAC0224E88B500D4F80F /* PBXTargetDependency */,
			);
			name = AboutCanadaTests;
			productName = AboutCanadaTests;
			productReference = 1FB6FABE224E88B500D4F80F /* AboutCanadaTests.xctest */;
			productType = "com.apple.product-type.bundle.unit-test";
		};
		1FB6FAC8224E88B500D4F80F /* AboutCanadaUITests */ = {
			isa = PBXNativeTarget;
			buildConfigurationList = 1FB6FAD8224E88B500D4F80F /* Build configuration list for PBXNativeTarget "AboutCanadaUITests" */;
			buildPhases = (
				1FB6FAC5224E88B500D4F80F /* Sources */,
				1FB6FAC6224E88B500D4F80F /* Frameworks */,
				1FB6FAC7224E88B500D4F80F /* Resources */,
			);
			buildRules = (
			);
			dependencies = (
				1FB6FACB224E88B500D4F80F /* PBXTargetDependency */,
			);
			name = AboutCanadaUITests;
			productName = AboutCanadaUITests;
			productReference = 1FB6FAC9224E88B500D4F80F /* AboutCanadaUITests.xctest */;
			productType = "com.apple.product-type.bundle.ui-testing";
		};
/* End PBXNativeTarget section */

/* Begin PBXProject section */
		1FB6FAA2224E88B300D4F80F /* Project object */ = {
			isa = PBXProject;
			attributes = {
				LastSwiftUpdateCheck = 1010;
				LastUpgradeCheck = 1010;
				ORGANIZATIONNAME = "Rahul Singh";
				TargetAttributes = {
					1FB6FAA9224E88B300D4F80F = {
						CreatedOnToolsVersion = 10.1;
					};
					1FB6FABD224E88B500D4F80F = {
						CreatedOnToolsVersion = 10.1;
						TestTargetID = 1FB6FAA9224E88B300D4F80F;
					};
					1FB6FAC8224E88B500D4F80F = {
						CreatedOnToolsVersion = 10.1;
						TestTargetID = 1FB6FAA9224E88B300D4F80F;
					};
				};
			};
			buildConfigurationList = 1FB6FAA5224E88B300D4F80F /* Build configuration list for PBXProject "AboutCanada" */;
			compatibilityVersion = "Xcode 9.3";
			developmentRegion = en;
			hasScannedForEncodings = 0;
			knownRegions = (
				en,
				Base,
			);
			mainGroup = 1FB6FAA1224E88B300D4F80F;
			productRefGroup = 1FB6FAAB224E88B300D4F80F /* Products */;
			projectDirPath = "";
			projectRoot = "";
			targets = (
				1FB6FAA9224E88B300D4F80F /* AboutCanada */,
				1FB6FABD224E88B500D4F80F /* AboutCanadaTests */,
				1FB6FAC8224E88B500D4F80F /* AboutCanadaUITests */,
			);
		};
/* End PBXProject section */

/* Begin PBXResourcesBuildPhase section */
		1FB6FAA8224E88B300D4F80F /* Resources */ = {
			isa = PBXResourcesBuildPhase;
			buildActionMask = 2147483647;
			files = (
				1FB6FAB8224E88B400D4F80F /* LaunchScreen.storyboard in Resources */,
				1FB6FAB5224E88B400D4F80F /* Assets.xcassets in Resources */,
				1FB6FAB3224E88B300D4F80F /* Main.storyboard in Resources */,
			);
			runOnlyForDeploymentPostprocessing = 0;
		};
		1FB6FABC224E88B500D4F80F /* Resources */ = {
			isa = PBXResourcesBuildPhase;
			buildActionMask = 2147483647;
			files = (
			);
			runOnlyForDeploymentPostprocessing = 0;
		};
		1FB6FAC7224E88B500D4F80F /* Resources */ = {
			isa = PBXResourcesBuildPhase;
			buildActionMask = 2147483647;
			files = (
			);
			runOnlyForDeploymentPostprocessing = 0;
		};
/* End PBXResourcesBuildPhase section */

/* Begin PBXSourcesBuildPhase section */
		1FB6FAA6224E88B300D4F80F /* Sources */ = {
			isa = PBXSourcesBuildPhase;
			buildActionMask = 2147483647;
			files = (
				1FB6FAB0224E88B300D4F80F /* HomeViewController.swift in Sources */,
				1FB6FAAE224E88B300D4F80F /* AppDelegate.swift in Sources */,
			);
			runOnlyForDeploymentPostprocessing = 0;
		};
		1FB6FABA224E88B500D4F80F /* Sources */ = {
			isa = PBXSourcesBuildPhase;
			buildActionMask = 2147483647;
			files = (
				1FB6FAC3224E88B500D4F80F /* AboutCanadaTests.swift in Sources */,
			);
			runOnlyForDeploymentPostprocessing = 0;
		};
		1FB6FAC5224E88B500D4F80F /* Sources */ = {
			isa = PBXSourcesBuildPhase;
			buildActionMask = 2147483647;
			files = (
				1FB6FACE224E88B500D4F80F /* AboutCanadaUITests.swift in Sources */,
			);
			runOnlyForDeploymentPostprocessing = 0;
		};
/* End PBXSourcesBuildPhase section */

/* Begin PBXTargetDependency section */
		1FB6FAC0224E88B500D4F80F /* PBXTargetDependency */ = {
			isa = PBXTargetDependency;
			target = 1FB6FAA9224E88B300D4F80F /* AboutCanada */;
			targetProxy = 1FB6FABF224E88B500D4F80F /* PBXContainerItemProxy */;
		};
		1FB6FACB224E88B500D4F80F /* PBXTargetDependency */ = {
			isa = PBXTargetDependency;
			target = 1FB6FAA9224E88B300D4F80F /* AboutCanada */;
			targetProxy = 1FB6FACA224E88B500D4F80F /* PBXContainerItemProxy */;
		};
/* End PBXTargetDependency section */

/* Begin PBXVariantGroup section */
		1FB6FAB1224E88B300D4F80F /* Main.storyboard */ = {
			isa = PBXVariantGroup;
			children = (
				1FB6FAB2224E88B300D4F80F /* Base */,
			);
			name = Main.storyboard;
			sourceTree = "<group>";
		};
		1FB6FAB6224E88B400D4F80F /* LaunchScreen.storyboard */ = {
			isa = PBXVariantGroup;
			children = (
				1FB6FAB7224E88B400D4F80F /* Base */,
			);
			name = LaunchScreen.storyboard;
			sourceTree = "<group>";
		};
/* End PBXVariantGroup section */

/* Begin XCBuildConfiguration section */
		1FB6FAD0224E88B500D4F80F /* Debug */ = {
			isa = XCBuildConfiguration;
			buildSettings = {
				ALWAYS_SEARCH_USER_PATHS = NO;
				CLANG_ANALYZER_NONNULL = YES;
				CLANG_ANALYZER_NUMBER_OBJECT_CONVERSION = YES_AGGRESSIVE;
				CLANG_CXX_LANGUAGE_STANDARD = "gnu++14";
				CLANG_CXX_LIBRARY = "libc++";
				CLANG_ENABLE_MODULES = YES;
				CLANG_ENABLE_OBJC_ARC = YES;
				CLANG_ENABLE_OBJC_WEAK = YES;
				CLANG_WARN_BLOCK_CAPTURE_AUTORELEASING = YES;
				CLANG_WARN_BOOL_CONVERSION = YES;
				CLANG_WARN_COMMA = YES;
				CLANG_WARN_CONSTANT_CONVERSION = YES;
				CLANG_WARN_DEPRECATED_OBJC_IMPLEMENTATIONS = YES;
				CLANG_WARN_DIRECT_OBJC_ISA_USAGE = YES_ERROR;
				CLANG_WARN_DOCUMENTATION_COMMENTS = YES;
				CLANG_WARN_EMPTY_BODY = YES;
				CLANG_WARN_ENUM_CONVERSION = YES;
				CLANG_WARN_INFINITE_RECURSION = YES;
				CLANG_WARN_INT_CONVERSION = YES;
				CLANG_WARN_NON_LITERAL_NULL_CONVERSION = YES;
				CLANG_WARN_OBJC_IMPLICIT_RETAIN_SELF = YES;
				CLANG_WARN_OBJC_LITERAL_CONVERSION = YES;
				CLANG_WARN_OBJC_ROOT_CLASS = YES_ERROR;
				CLANG_WARN_RANGE_LOOP_ANALYSIS = YES;
				CLANG_WARN_STRICT_PROTOTYPES = YES;
				CLANG_WARN_SUSPICIOUS_MOVE = YES;
				CLANG_WARN_UNGUARDED_AVAILABILITY = YES_AGGRESSIVE;
				CLANG_WARN_UNREACHABLE_CODE = YES;
				CLANG_WARN__DUPLICATE_METHOD_MATCH = YES;
				CODE_SIGN_IDENTITY = "iPhone Developer";
				COPY_PHASE_STRIP = NO;
				DEBUG_INFORMATION_FORMAT = dwarf;
				ENABLE_STRICT_OBJC_MSGSEND = YES;
				ENABLE_TESTABILITY = YES;
				GCC_C_LANGUAGE_STANDARD = gnu11;
				GCC_DYNAMIC_NO_PIC = NO;
				GCC_NO_COMMON_BLOCKS = YES;
				GCC_OPTIMIZATION_LEVEL = 0;
				GCC_PREPROCESSOR_DEFINITIONS = (
					"DEBUG=1",
					"$(inherited)",
				);
				GCC_WARN_64_TO_32_BIT_CONVERSION = YES;
				GCC_WARN_ABOUT_RETURN_TYPE = YES_ERROR;
				GCC_WARN_UNDECLARED_SELECTOR = YES;
				GCC_WARN_UNINITIALIZED_AUTOS = YES_AGGRESSIVE;
				GCC_WARN_UNUSED_FUNCTION = YES;
				GCC_WARN_UNUSED_VARIABLE = YES;
				IPHONEOS_DEPLOYMENT_TARGET = 12.1;
				MTL_ENABLE_DEBUG_INFO = INCLUDE_SOURCE;
				MTL_FAST_MATH = YES;
				ONLY_ACTIVE_ARCH = YES;
				SDKROOT = iphoneos;
				SWIFT_ACTIVE_COMPILATION_CONDITIONS = DEBUG;
				SWIFT_OPTIMIZATION_LEVEL = "-Onone";
			};
			name = Debug;
		};
		1FB6FAD1224E88B500D4F80F /* Release */ = {
			isa = XCBuildConfiguration;
			buildSettings = {
				ALWAYS_SEARCH_USER_PATHS = NO;
				CLANG_ANALYZER_NONNULL = YES;
				CLANG_ANALYZER_NUMBER_OBJECT_CONVERSION = YES_AGGRESSIVE;
				CLANG_CXX_LANGUAGE_STANDARD = "gnu++14";
				CLANG_CXX_LIBRARY = "libc++";
				CLANG_ENABLE_MODULES = YES;
				CLANG_ENABLE_OBJC_ARC = YES;
				CLANG_ENABLE_OBJC_WEAK = YES;
				CLANG_WARN_BLOCK_CAPTURE_AUTORELEASING = YES;
				CLANG_WARN_BOOL_CONVERSION = YES;
				CLANG_WARN_COMMA = YES;
				CLANG_WARN_CONSTANT_CONVERSION = YES;
				CLANG_WARN_DEPRECATED_OBJC_IMPLEMENTATIONS = YES;
				CLANG_WARN_DIRECT_OBJC_ISA_USAGE = YES_ERROR;
				CLANG_WARN_DOCUMENTATION_COMMENTS = YES;
				CLANG_WARN_EMPTY_BODY = YES;
				CLANG_WARN_ENUM_CONVERSION = YES;
				CLANG_WARN_INFINITE_RECURSION = YES;
				CLANG_WARN_INT_CONVERSION = YES;
				CLANG_WARN_NON_LITERAL_NULL_CONVERSION = YES;
				CLANG_WARN_OBJC_IMPLICIT_RETAIN_SELF = YES;
				CLANG_WARN_OBJC_LITERAL_CONVERSION = YES;
				CLANG_WARN_OBJC_ROOT_CLASS = YES_ERROR;
				CLANG_WARN_RANGE_LOOP_ANALYSIS = YES;
				CLANG_WARN_STRICT_PROTOTYPES = YES;
				CLANG_WARN_SUSPICIOUS_MOVE = YES;
				CLANG_WARN_UNGUARDED_AVAILABILITY = YES_AGGRESSIVE;
				CLANG_WARN_UNREACHABLE_CODE = YES;
				CLANG_WARN__DUPLICATE_METHOD_MATCH = YES;
				CODE_SIGN_IDENTITY = "iPhone Developer";
				COPY_PHASE_STRIP = NO;
				DEBUG_INFORMATION_FORMAT = "dwarf-with-dsym";
				ENABLE_NS_ASSERTIONS = NO;
				ENABLE_STRICT_OBJC_MSGSEND = YES;
				GCC_C_LANGUAGE_STANDARD = gnu11;
				GCC_NO_COMMON_BLOCKS = YES;
				GCC_WARN_64_TO_32_BIT_CONVERSION = YES;
				GCC_WARN_ABOUT_RETURN_TYPE = YES_ERROR;
				GCC_WARN_UNDECLARED_SELECTOR = YES;
				GCC_WARN_UNINITIALIZED_AUTOS = YES_AGGRESSIVE;
				GCC_WARN_UNUSED_FUNCTION = YES;
				GCC_WARN_UNUSED_VARIABLE = YES;
				IPHONEOS_DEPLOYMENT_TARGET = 12.1;
				MTL_ENABLE_DEBUG_INFO = NO;
				MTL_FAST_MATH = YES;
				SDKROOT = iphoneos;
				SWIFT_COMPILATION_MODE = wholemodule;
				SWIFT_OPTIMIZATION_LEVEL = "-O";
				VALIDATE_PRODUCT = YES;
			};
			name = Release;
		};
		1FB6FAD3224E88B500D4F80F /* Debug */ = {
			isa = XCBuildConfiguration;
			buildSettings = {
				ASSETCATALOG_COMPILER_APPICON_NAME = AppIcon;
				CODE_SIGN_STYLE = Automatic;
				DEVELOPMENT_TEAM = 6245XZ9QL2;
				INFOPLIST_FILE = AboutCanada/Info.plist;
				LD_RUNPATH_SEARCH_PATHS = (
					"$(inherited)",
					"@executable_path/Frameworks",
				);
				PRODUCT_BUNDLE_IDENTIFIER = com.cts.com.AboutCanada1;
				PRODUCT_NAME = "$(TARGET_NAME)";
				SWIFT_VERSION = 4.2;
				TARGETED_DEVICE_FAMILY = "1,2";
			};
			name = Debug;
		};
		1FB6FAD4224E88B500D4F80F /* Release */ = {
			isa = XCBuildConfiguration;
			buildSettings = {
				ASSETCATALOG_COMPILER_APPICON_NAME = AppIcon;
				CODE_SIGN_STYLE = Automatic;
				DEVELOPMENT_TEAM = 6245XZ9QL2;
				INFOPLIST_FILE = AboutCanada/Info.plist;
				LD_RUNPATH_SEARCH_PATHS = (
					"$(inherited)",
					"@executable_path/Frameworks",
				);
				PRODUCT_BUNDLE_IDENTIFIER = com.cts.com.AboutCanada1;
				PRODUCT_NAME = "$(TARGET_NAME)";
				SWIFT_VERSION = 4.2;
				TARGETED_DEVICE_FAMILY = "1,2";
			};
			name = Release;
		};
		1FB6FAD6224E88B500D4F80F /* Debug */ = {
			isa = XCBuildConfiguration;
			buildSettings = {
				ALWAYS_EMBED_SWIFT_STANDARD_LIBRARIES = YES;
				BUNDLE_LOADER = "$(TEST_HOST)";
				CODE_SIGN_STYLE = Automatic;
				INFOPLIST_FILE = AboutCanadaTests/Info.plist;
				LD_RUNPATH_SEARCH_PATHS = (
					"$(inherited)",
					"@executable_path/Frameworks",
					"@loader_path/Frameworks",
				);
				PRODUCT_BUNDLE_IDENTIFIER = com.cts.com.AboutCanadaTests;
				PRODUCT_NAME = "$(TARGET_NAME)";
				SWIFT_VERSION = 4.2;
				TARGETED_DEVICE_FAMILY = "1,2";
				TEST_HOST = "$(BUILT_PRODUCTS_DIR)/AboutCanada.app/AboutCanada";
			};
			name = Debug;
		};
		1FB6FAD7224E88B500D4F80F /* Release */ = {
			isa = XCBuildConfiguration;
			buildSettings = {
				ALWAYS_EMBED_SWIFT_STANDARD_LIBRARIES = YES;
				BUNDLE_LOADER = "$(TEST_HOST)";
				CODE_SIGN_STYLE = Automatic;
				INFOPLIST_FILE = AboutCanadaTests/Info.plist;
				LD_RUNPATH_SEARCH_PATHS = (
					"$(inherited)",
					"@executable_path/Frameworks",
					"@loader_path/Frameworks",
				);
				PRODUCT_BUNDLE_IDENTIFIER = com.cts.com.AboutCanadaTests;
				PRODUCT_NAME = "$(TARGET_NAME)";
				SWIFT_VERSION = 4.2;
				TARGETED_DEVICE_FAMILY = "1,2";
				TEST_HOST = "$(BUILT_PRODUCTS_DIR)/AboutCanada.app/AboutCanada";
			};
			name = Release;
		};
		1FB6FAD9224E88B500D4F80F /* Debug */ = {
			isa = XCBuildConfiguration;
			buildSettings = {
				ALWAYS_EMBED_SWIFT_STANDARD_LIBRARIES = YES;
				CODE_SIGN_STYLE = Automatic;
				INFOPLIST_FILE = AboutCanadaUITests/Info.plist;
				LD_RUNPATH_SEARCH_PATHS = (
					"$(inherited)",
					"@executable_path/Frameworks",
					"@loader_path/Frameworks",
				);
				PRODUCT_BUNDLE_IDENTIFIER = com.cts.com.AboutCanadaUITests;
				PRODUCT_NAME = "$(TARGET_NAME)";
				SWIFT_VERSION = 4.2;
				TARGETED_DEVICE_FAMILY = "1,2";
				TEST_TARGET_NAME = AboutCanada;
			};
			name = Debug;
		};
		1FB6FADA224E88B500D4F80F /* Release */ = {
			isa = XCBuildConfiguration;
			buildSettings = {
				ALWAYS_EMBED_SWIFT_STANDARD_LIBRARIES = YES;
				CODE_SIGN_STYLE = Automatic;
				INFOPLIST_FILE = AboutCanadaUITests/Info.plist;
				LD_RUNPATH_SEARCH_PATHS = (
					"$(inherited)",
					"@executable_path/Frameworks",
					"@loader_path/Frameworks",
				);
				PRODUCT_BUNDLE_IDENTIFIER = com.cts.com.AboutCanadaUITests;
				PRODUCT_NAME = "$(TARGET_NAME)";
				SWIFT_VERSION = 4.2;
				TARGETED_DEVICE_FAMILY = "1,2";
				TEST_TARGET_NAME = AboutCanada;
			};
			name = Release;
		};
/* End XCBuildConfiguration section */

/* Begin XCConfigurationList section */
		1FB6FAA5224E88B300D4F80F /* Build configuration list for PBXProject "AboutCanada" */ = {
			isa = XCConfigurationList;
			buildConfigurations = (
				1FB6FAD0224E88B500D4F80F /* Debug */,
				1FB6FAD1224E88B500D4F80F /* Release */,
			);
			defaultConfigurationIsVisible = 0;
			defaultConfigurationName = Release;
		};
		1FB6FAD2224E88B500D4F80F /* Build configuration list for PBXNativeTarget "AboutCanada" */ = {
			isa = XCConfigurationList;
			buildConfigurations = (
				1FB6FAD3224E88B500D4F80F /* Debug */,
				1FB6FAD4224E88B500D4F80F /* Release */,
			);
			defaultConfigurationIsVisible = 0;
			defaultConfigurationName = Release;
		};
		1FB6FAD5224E88B500D4F80F /* Build configuration list for PBXNativeTarget "AboutCanadaTests" */ = {
			isa = XCConfigurationList;
			buildConfigurations = (
				1FB6FAD6224E88B500D4F80F /* Debug */,
				1FB6FAD7224E88B500D4F80F /* Release */,
			);
			defaultConfigurationIsVisible = 0;
			defaultConfigurationName = Release;
		};
		1FB6FAD8224E88B500D4F80F /* Build configuration list for PBXNativeTarget "AboutCanadaUITests" */ = {
			isa = XCConfigurationList;
			buildConfigurations = (
				1FB6FAD9224E88B500D4F80F /* Debug */,
				1FB6FADA224E88B500D4F80F /* Release */,
			);
			defaultConfigurationIsVisible = 0;
			defaultConfigurationName = Release;
		};
/* End XCConfigurationList section */
	};
	rootObject = 1FB6FAA2224E88B300D4F80F /* Project object */;
}
